
Microsoft Visual Studio Solution File, Format Version 12.00
# Visual Studio Version 16
VisualStudioVersion = 16.0.31613.86
MinimumVisualStudioVersion = 10.0.40219.1
Project("{FAE04EC0-301F-11D3-BF4B-00C04F79EFBC}") = "WPF_Tutorial", "WPF_Tutorial\WPF_Tutorial.csproj", "{1628A9B7-41BF-40A0-9EB4-8271445C7F17}"
EndProject
Project("{FAE04EC0-301F-11D3-BF4B-00C04F79EFBC}") = "RadioButton", "RadioButton\RadioButton.csproj", "{821004DC-755E-4D40-A384-3E981CFC91F4}"
EndProject
Project("{FAE04EC0-301F-11D3-BF4B-00C04F79EFBC}") = "StaticBinding", "StaticBinding\StaticBinding.csproj", "{3C347BA4-CA72-4E87-94C3-2D646187CF9A}"
EndProject
Project("{FAE04EC0-301F-11D3-BF4B-00C04F79EFBC}") = "UserControll_study", "UserControll_study\UserControll_study.csproj", "{2829A2E2-C4C4-4801-AE23-BEFD053323E0}"
EndProject
Project("{FAE04EC0-301F-11D3-BF4B-00C04F79EFBC}") = "ComboBox_Binding", "ComboBox_Binding\ComboBox_Binding.csproj", "{1671710C-3D3D-45E6-A649-B41CB1BF3B51}"
EndProject
Global
	GlobalSection(SolutionConfigurationPlatforms) = preSolution
		Debug|Any CPU = Debug|Any CPU
		Debug|x64 = Debug|x64
		Release|Any CPU = Release|Any CPU
		Release|x64 = Release|x64
	EndGlobalSection
	GlobalSection(ProjectConfigurationPlatforms) = postSolution
		{1628A9B7-41BF-40A0-9EB4-8271445C7F17}.Debug|Any CPU.ActiveCfg = Debug|Any CPU
		{1628A9B7-41BF-40A0-9EB4-8271445C7F17}.Debug|Any CPU.Build.0 = Debug|Any CPU
		{1628A9B7-41BF-40A0-9EB4-8271445C7F17}.Debug|x64.ActiveCfg = Debug|x64
		{1628A9B7-41BF-40A0-9EB4-8271445C7F17}.Debug|x64.Build.0 = Debug|x64
		{1628A9B7-41BF-40A0-9EB4-8271445C7F17}.Release|Any CPU.ActiveCfg = Release|Any CPU
		{1628A9B7-41BF-40A0-9EB4-8271445C7F17}.Release|Any CPU.Build.0 = Release|Any CPU
		{1628A9B7-41BF-40A0-9EB4-8271445C7F17}.Release|x64.ActiveCfg = Release|x64
		{1628A9B7-41BF-40A0-9EB4-8271445C7F17}.Release|x64.Build.0 = Release|x64
		{821004DC-755E-4D40-A384-3E981CFC91F4}.Debug|Any CPU.ActiveCfg = Debug|Any CPU
		{821004DC-755E-4D40-A384-3E981CFC91F4}.Debug|Any CPU.Build.0 = Debug|Any CPU
		{821004DC-755E-4D40-A384-3E981CFC91F4}.Debug|x64.ActiveCfg = Debug|Any CPU
		{821004DC-755E-4D40-A384-3E981CFC91F4}.Debug|x64.Build.0 = Debug|Any CPU
		{821004DC-755E-4D40-A384-3E981CFC91F4}.Release|Any CPU.ActiveCfg = Release|Any CPU
		{821004DC-755E-4D40-A384-3E981CFC91F4}.Release|Any CPU.Build.0 = Release|Any CPU
		{821004DC-755E-4D40-A384-3E981CFC91F4}.Release|x64.ActiveCfg = Release|Any CPU
		{821004DC-755E-4D40-A384-3E981CFC91F4}.Release|x64.Build.0 = Release|Any CPU
		{3C347BA4-CA72-4E87-94C3-2D646187CF9A}.Debug|Any CPU.ActiveCfg = Debug|Any CPU
		{3C347BA4-CA72-4E87-94C3-2D646187CF9A}.Debug|Any CPU.Build.0 = Debug|Any CPU
		{3C347BA4-CA72-4E87-94C3-2D646187CF9A}.Debug|x64.ActiveCfg = Debug|Any CPU
		{3C347BA4-CA72-4E87-94C3-2D646187CF9A}.Debug|x64.Build.0 = Debug|Any CPU
		{3C347BA4-CA72-4E87-94C3-2D646187CF9A}.Release|Any CPU.ActiveCfg = Release|Any CPU
		{3C347BA4-CA72-4E87-94C3-2D646187CF9A}.Release|Any CPU.Build.0 = Release|Any CPU
		{3C347BA4-CA72-4E87-94C3-2D646187CF9A}.Release|x64.ActiveCfg = Release|Any CPU
		{3C347BA4-CA72-4E87-94C3-2D646187CF9A}.Release|x64.Build.0 = Release|Any CPU
		{2829A2E2-C4C4-4801-AE23-BEFD053323E0}.Debug|Any CPU.ActiveCfg = Debug|Any CPU
		{2829A2E2-C4C4-4801-AE23-BEFD053323E0}.Debug|Any CPU.Build.0 = Debug|Any CPU
		{2829A2E2-C4C4-4801-AE23-BEFD053323E0}.Debug|x64.ActiveCfg = Debug|Any CPU
		{2829A2E2-C4C4-4801-AE23-BEFD053323E0}.Debug|x64.Build.0 = Debug|Any CPU
		{2829A2E2-C4C4-4801-AE23-BEFD053323E0}.Release|Any CPU.ActiveCfg = Release|Any CPU
		{2829A2E2-C4C4-4801-AE23-BEFD053323E0}.Release|Any CPU.Build.0 = Release|Any CPU
		{2829A2E2-C4C4-4801-AE23-BEFD053323E0}.Release|x64.ActiveCfg = Release|Any CPU
		{2829A2E2-C4C4-4801-AE23-BEFD053323E0}.Release|x64.Build.0 = Release|Any CPU
		{1671710C-3D3D-45E6-A649-B41CB1BF3B51}.Debug|Any CPU.ActiveCfg = Debug|Any CPU
		{1671710C-3D3D-45E6-A649-B41CB1BF3B51}.Debug|Any CPU.Build.0 = Debug|Any CPU
		{1671710C-3D3D-45E6-A649-B41CB1BF3B51}.Debug|x64.ActiveCfg = Debug|Any CPU
		{1671710C-3D3D-45E6-A649-B41CB1BF3B51}.Debug|x64.Build.0 = Debug|Any CPU
		{1671710C-3D3D-45E6-A649-B41CB1BF3B51}.Release|Any CPU.ActiveCfg = Release|Any CPU
		{1671710C-3D3D-45E6-A649-B41CB1BF3B51}.Release|Any CPU.Build.0 = Release|Any CPU
		{1671710C-3D3D-45E6-A649-B41CB1BF3B51}.Release|x64.ActiveCfg = Release|Any CPU
		{1671710C-3D3D-45E6-A649-B41CB1BF3B51}.Release|x64.Build.0 = Release|Any CPU
	EndGlobalSection
	GlobalSection(SolutionProperties) = preSolution
		HideSolutionNode = FALSE
	EndGlobalSection
	GlobalSection(ExtensibilityGlobals) = postSolution
		SolutionGuid = {B055470D-8ACF-441D-BF69-9F6CFCC3C2D5}
	EndGlobalSection
EndGlobal
